# This file was autogenerated by Stack.
# You should not edit this file by hand.
# For more information, please see the documentation at:
#   https://docs.haskellstack.org/en/stable/lock_files

packages:
- completed:
    hackage: co-log-0.4.0.1@sha256:3d4c17f37693c80d1aa2c41669bc3438fac3e89dc5f479e57d79bc3ddc4dfcc5,5087
    pantry-tree:
      size: 1126
      sha256: e73165ff8f744709428e2e87984c9d60ca1cec43d8455c413181c7c466e7497c
  original:
    hackage: co-log-0.4.0.1
snapshots:
- completed:
    size: 585392
    url: https://raw.githubusercontent.com/commercialhaskell/stackage-snapshots/master/lts/18/2.yaml
    sha256: 7abb45c0cc5eb349448b66d8753655542d45d387ad26970419282eab3d860724
  original: lts-18.2
